
Microsoft Visual Studio Solution File, Format Version 12.00
# Visual Studio Version 17
VisualStudioVersion = 17.14.36202.13 d17.14
MinimumVisualStudioVersion = 10.0.40219.1
Project("{FAE04EC0-301F-11D3-BF4B-00C04F79EFBC}") = "PizzariaApi", "PizzariaApi.csproj", "{5DC4F845-F7D0-E7AE-1958-EDD91C93CD37}"
EndProject
Global
	GlobalSection(SolutionConfigurationPlatforms) = preSolution
		Debug|Any CPU = Debug|Any CPU
		Release|Any CPU = Release|Any CPU
	EndGlobalSection
	GlobalSection(ProjectConfigurationPlatforms) = postSolution
		{5DC4F845-F7D0-E7AE-1958-EDD91C93CD37}.Debug|Any CPU.ActiveCfg = Debug|Any CPU
		{5DC4F845-F7D0-E7AE-1958-EDD91C93CD37}.Debug|Any CPU.Build.0 = Debug|Any CPU
		{5DC4F845-F7D0-E7AE-1958-EDD91C93CD37}.Release|Any CPU.ActiveCfg = Release|Any CPU
		{5DC4F845-F7D0-E7AE-1958-EDD91C93CD37}.Release|Any CPU.Build.0 = Release|Any CPU
	EndGlobalSection
	GlobalSection(SolutionProperties) = preSolution
		HideSolutionNode = FALSE
	EndGlobalSection
	GlobalSection(ExtensibilityGlobals) = postSolution
		SolutionGuid = {4863F275-220C-4DF5-8B7F-C84A6562258B}
	EndGlobalSection
EndGlobal
